
Microsoft Visual Studio Solution File, Format Version 12.00
# Visual Studio Version 17
VisualStudioVersion = 17.0.31710.8
MinimumVisualStudioVersion = 10.0.40219.1
Project("{9A19103F-16F7-4668-BE54-9A1E7A4F7556}") = "Phoneshop.ConsoleApp", "Phoneshop.ConsoleApp\Phoneshop.ConsoleApp.csproj", "{3DEA6804-8FCC-4B11-8AF0-38A8C9439225}"
EndProject
Project("{9A19103F-16F7-4668-BE54-9A1E7A4F7556}") = "Phoneshop.Business", "Phoneshop.Business\Phoneshop.Business.csproj", "{3D08421E-5519-490E-AF24-1BADAE42F2D8}"
EndProject
Project("{9A19103F-16F7-4668-BE54-9A1E7A4F7556}") = "Phoneshop.Domain", "Phoneshop.Domain\Phoneshop.Domain.csproj", "{33DB2ECB-8FC2-4A0A-948C-8D26E98EC3D2}"
EndProject
Project("{2150E333-8FDC-42A3-9474-1A3956D46DE8}") = "1. Business", "1. Business", "{08E33598-D365-49FF-A67D-4AF74263A588}"
EndProject
Project("{2150E333-8FDC-42A3-9474-1A3956D46DE8}") = "2. Testing", "2. Testing", "{C0B54495-DC6E-4C13-8D6C-A7139702CE19}"
EndProject
Project("{9A19103F-16F7-4668-BE54-9A1E7A4F7556}") = "Phoneshop.Business.Tests", "Phoneshop.Business.Tests\Phoneshop.Business.Tests.csproj", "{9A6571A0-E0AE-4AF0-AF32-40FB49F72C2C}"
EndProject
Project("{9A19103F-16F7-4668-BE54-9A1E7A4F7556}") = "Phoneshop.WinForms", "Phoneshop.WinForms\Phoneshop.WinForms.csproj", "{96D01B06-C7FA-49F0-9190-5D143A2628D1}"
EndProject
Project("{2150E333-8FDC-42A3-9474-1A3956D46DE8}") = "3. SQL Queries", "3. SQL Queries", "{C4DD2929-F66E-466F-99B0-774568659B26}"
	ProjectSection(SolutionItems) = preProject
		BrandsTable.sql = BrandsTable.sql
		CreateLogTable.sql = CreateLogTable.sql
		CreatePhoneTable.sql = CreatePhoneTable.sql
		InsertPhones.sql = InsertPhones.sql
	EndProjectSection
EndProject
Project("{2150E333-8FDC-42A3-9474-1A3956D46DE8}") = "4. Shared", "4. Shared", "{7B3AFDB8-B583-41B3-9074-22914D47F741}"
	ProjectSection(SolutionItems) = preProject
		PhoneList001.xml = PhoneList001.xml
	EndProjectSection
EndProject
Project("{9A19103F-16F7-4668-BE54-9A1E7A4F7556}") = "ImportTool.ConsoleApp", "ImportTool.ConsoleApp\ImportTool.ConsoleApp.csproj", "{D2BAC304-2F34-4E8D-BAB9-D87CD3583814}"
EndProject
Project("{2150E333-8FDC-42A3-9474-1A3956D46DE8}") = "5. Tools", "5. Tools", "{DF085307-DEE5-42E2-A27C-70155F6232D1}"
EndProject
Project("{9A19103F-16F7-4668-BE54-9A1E7A4F7556}") = "PhoneShop.api", "PhoneShop.api\PhoneShop.api.csproj", "{474C4F23-6A67-418B-ACE6-7F0CE6ECB336}"
EndProject
Project("{9A19103F-16F7-4668-BE54-9A1E7A4F7556}") = "Phoneshop.Scraper", "Phoneshop.Scraper\Phoneshop.Scraper.csproj", "{4E71E624-8201-40FE-A510-51AD006C3269}"
EndProject
Project("{9A19103F-16F7-4668-BE54-9A1E7A4F7556}") = "PhoneShop.BlazorApp", "PhoneShop.BlazorApp\PhoneShop.BlazorApp.csproj", "{2AA62FE9-6D4B-4AD3-80C7-6CFEFA4A2E88}"
EndProject
Global
	GlobalSection(SolutionConfigurationPlatforms) = preSolution
		Debug|Any CPU = Debug|Any CPU
		Release|Any CPU = Release|Any CPU
	EndGlobalSection
	GlobalSection(ProjectConfigurationPlatforms) = postSolution
		{3DEA6804-8FCC-4B11-8AF0-38A8C9439225}.Debug|Any CPU.ActiveCfg = Debug|Any CPU
		{3DEA6804-8FCC-4B11-8AF0-38A8C9439225}.Debug|Any CPU.Build.0 = Debug|Any CPU
		{3DEA6804-8FCC-4B11-8AF0-38A8C9439225}.Release|Any CPU.ActiveCfg = Release|Any CPU
		{3DEA6804-8FCC-4B11-8AF0-38A8C9439225}.Release|Any CPU.Build.0 = Release|Any CPU
		{3D08421E-5519-490E-AF24-1BADAE42F2D8}.Debug|Any CPU.ActiveCfg = Debug|Any CPU
		{3D08421E-5519-490E-AF24-1BADAE42F2D8}.Debug|Any CPU.Build.0 = Debug|Any CPU
		{3D08421E-5519-490E-AF24-1BADAE42F2D8}.Release|Any CPU.ActiveCfg = Release|Any CPU
		{3D08421E-5519-490E-AF24-1BADAE42F2D8}.Release|Any CPU.Build.0 = Release|Any CPU
		{33DB2ECB-8FC2-4A0A-948C-8D26E98EC3D2}.Debug|Any CPU.ActiveCfg = Debug|Any CPU
		{33DB2ECB-8FC2-4A0A-948C-8D26E98EC3D2}.Debug|Any CPU.Build.0 = Debug|Any CPU
		{33DB2ECB-8FC2-4A0A-948C-8D26E98EC3D2}.Release|Any CPU.ActiveCfg = Release|Any CPU
		{33DB2ECB-8FC2-4A0A-948C-8D26E98EC3D2}.Release|Any CPU.Build.0 = Release|Any CPU
		{9A6571A0-E0AE-4AF0-AF32-40FB49F72C2C}.Debug|Any CPU.ActiveCfg = Debug|Any CPU
		{9A6571A0-E0AE-4AF0-AF32-40FB49F72C2C}.Debug|Any CPU.Build.0 = Debug|Any CPU
		{9A6571A0-E0AE-4AF0-AF32-40FB49F72C2C}.Release|Any CPU.ActiveCfg = Release|Any CPU
		{9A6571A0-E0AE-4AF0-AF32-40FB49F72C2C}.Release|Any CPU.Build.0 = Release|Any CPU
		{96D01B06-C7FA-49F0-9190-5D143A2628D1}.Debug|Any CPU.ActiveCfg = Debug|Any CPU
		{96D01B06-C7FA-49F0-9190-5D143A2628D1}.Debug|Any CPU.Build.0 = Debug|Any CPU
		{96D01B06-C7FA-49F0-9190-5D143A2628D1}.Release|Any CPU.ActiveCfg = Release|Any CPU
		{96D01B06-C7FA-49F0-9190-5D143A2628D1}.Release|Any CPU.Build.0 = Release|Any CPU
		{D2BAC304-2F34-4E8D-BAB9-D87CD3583814}.Debug|Any CPU.ActiveCfg = Debug|Any CPU
		{D2BAC304-2F34-4E8D-BAB9-D87CD3583814}.Debug|Any CPU.Build.0 = Debug|Any CPU
		{D2BAC304-2F34-4E8D-BAB9-D87CD3583814}.Release|Any CPU.ActiveCfg = Release|Any CPU
		{D2BAC304-2F34-4E8D-BAB9-D87CD3583814}.Release|Any CPU.Build.0 = Release|Any CPU
		{474C4F23-6A67-418B-ACE6-7F0CE6ECB336}.Debug|Any CPU.ActiveCfg = Debug|Any CPU
		{474C4F23-6A67-418B-ACE6-7F0CE6ECB336}.Debug|Any CPU.Build.0 = Debug|Any CPU
		{474C4F23-6A67-418B-ACE6-7F0CE6ECB336}.Release|Any CPU.ActiveCfg = Release|Any CPU
		{474C4F23-6A67-418B-ACE6-7F0CE6ECB336}.Release|Any CPU.Build.0 = Release|Any CPU
		{4E71E624-8201-40FE-A510-51AD006C3269}.Debug|Any CPU.ActiveCfg = Debug|Any CPU
		{4E71E624-8201-40FE-A510-51AD006C3269}.Debug|Any CPU.Build.0 = Debug|Any CPU
		{4E71E624-8201-40FE-A510-51AD006C3269}.Release|Any CPU.ActiveCfg = Release|Any CPU
		{4E71E624-8201-40FE-A510-51AD006C3269}.Release|Any CPU.Build.0 = Release|Any CPU
		{2AA62FE9-6D4B-4AD3-80C7-6CFEFA4A2E88}.Debug|Any CPU.ActiveCfg = Debug|Any CPU
		{2AA62FE9-6D4B-4AD3-80C7-6CFEFA4A2E88}.Debug|Any CPU.Build.0 = Debug|Any CPU
		{2AA62FE9-6D4B-4AD3-80C7-6CFEFA4A2E88}.Release|Any CPU.ActiveCfg = Release|Any CPU
		{2AA62FE9-6D4B-4AD3-80C7-6CFEFA4A2E88}.Release|Any CPU.Build.0 = Release|Any CPU
	EndGlobalSection
	GlobalSection(SolutionProperties) = preSolution
		HideSolutionNode = FALSE
	EndGlobalSection
	GlobalSection(NestedProjects) = preSolution
		{3D08421E-5519-490E-AF24-1BADAE42F2D8} = {08E33598-D365-49FF-A67D-4AF74263A588}
		{33DB2ECB-8FC2-4A0A-948C-8D26E98EC3D2} = {08E33598-D365-49FF-A67D-4AF74263A588}
		{9A6571A0-E0AE-4AF0-AF32-40FB49F72C2C} = {C0B54495-DC6E-4C13-8D6C-A7139702CE19}
		{D2BAC304-2F34-4E8D-BAB9-D87CD3583814} = {DF085307-DEE5-42E2-A27C-70155F6232D1}
	EndGlobalSection
	GlobalSection(ExtensibilityGlobals) = postSolution
		SolutionGuid = {B1CF241F-2F73-4657-AAD3-A16B269E510A}
	EndGlobalSection
EndGlobal
